Microsoft Visual Studio Solution File, Format Version 12.00
# Visual Studio 15
VisualStudioVersion = 15.0.27110.0
MinimumVisualStudioVersion = 15.0.26124.0
Project("{6EC3EE1D-3C4E-46DD-8F32-0CC8E7565705}") = "DevProtocol.Azure.SbDemo.SbPush", "DevProtocol.Azure.SbDemo.SbPush\DevProtocol.Azure.SbDemo.SbPush.fsproj", "{52B9C976-71DD-4348-83D4-B0E3FD9ACF8C}"
EndProject
Project("{6EC3EE1D-3C4E-46DD-8F32-0CC8E7565705}") = "DevProtocol.Azure.SbDemo.SbReceive", "DevProtocol.Azure.SbDemo.SbReceive\DevProtocol.Azure.SbDemo.SbReceive.fsproj", "{7AB4A519-B26D-4605-B5D2-5E6B8CB2E93E}"
EndProject
Global
	GlobalSection(SolutionConfigurationPlatforms) = preSolution
		Debug|Any CPU = Debug|Any CPU
		Debug|x64 = Debug|x64
		Debug|x86 = Debug|x86
		Release|Any CPU = Release|Any CPU
		Release|x64 = Release|x64
		Release|x86 = Release|x86
	EndGlobalSection
	GlobalSection(ProjectConfigurationPlatforms) = postSolution
		{52B9C976-71DD-4348-83D4-B0E3FD9ACF8C}.Debug|Any CPU.ActiveCfg = Debug|Any CPU
		{52B9C976-71DD-4348-83D4-B0E3FD9ACF8C}.Debug|Any CPU.Build.0 = Debug|Any CPU
		{52B9C976-71DD-4348-83D4-B0E3FD9ACF8C}.Debug|x64.ActiveCfg = Debug|Any CPU
		{52B9C976-71DD-4348-83D4-B0E3FD9ACF8C}.Debug|x64.Build.0 = Debug|Any CPU
		{52B9C976-71DD-4348-83D4-B0E3FD9ACF8C}.Debug|x86.ActiveCfg = Debug|Any CPU
		{52B9C976-71DD-4348-83D4-B0E3FD9ACF8C}.Debug|x86.Build.0 = Debug|Any CPU
		{52B9C976-71DD-4348-83D4-B0E3FD9ACF8C}.Release|Any CPU.ActiveCfg = Release|Any CPU
		{52B9C976-71DD-4348-83D4-B0E3FD9ACF8C}.Release|Any CPU.Build.0 = Release|Any CPU
		{52B9C976-71DD-4348-83D4-B0E3FD9ACF8C}.Release|x64.ActiveCfg = Release|Any CPU
		{52B9C976-71DD-4348-83D4-B0E3FD9ACF8C}.Release|x64.Build.0 = Release|Any CPU
		{52B9C976-71DD-4348-83D4-B0E3FD9ACF8C}.Release|x86.ActiveCfg = Release|Any CPU
		{52B9C976-71DD-4348-83D4-B0E3FD9ACF8C}.Release|x86.Build.0 = Release|Any CPU
		{7AB4A519-B26D-4605-B5D2-5E6B8CB2E93E}.Debug|Any CPU.ActiveCfg = Debug|Any CPU
		{7AB4A519-B26D-4605-B5D2-5E6B8CB2E93E}.Debug|Any CPU.Build.0 = Debug|Any CPU
		{7AB4A519-B26D-4605-B5D2-5E6B8CB2E93E}.Debug|x64.ActiveCfg = Debug|Any CPU
		{7AB4A519-B26D-4605-B5D2-5E6B8CB2E93E}.Debug|x64.Build.0 = Debug|Any CPU
		{7AB4A519-B26D-4605-B5D2-5E6B8CB2E93E}.Debug|x86.ActiveCfg = Debug|Any CPU
		{7AB4A519-B26D-4605-B5D2-5E6B8CB2E93E}.Debug|x86.Build.0 = Debug|Any CPU
		{7AB4A519-B26D-4605-B5D2-5E6B8CB2E93E}.Release|Any CPU.ActiveCfg = Release|Any CPU
		{7AB4A519-B26D-4605-B5D2-5E6B8CB2E93E}.Release|Any CPU.Build.0 = Release|Any CPU
		{7AB4A519-B26D-4605-B5D2-5E6B8CB2E93E}.Release|x64.ActiveCfg = Release|Any CPU
		{7AB4A519-B26D-4605-B5D2-5E6B8CB2E93E}.Release|x64.Build.0 = Release|Any CPU
		{7AB4A519-B26D-4605-B5D2-5E6B8CB2E93E}.Release|x86.ActiveCfg = Release|Any CPU
		{7AB4A519-B26D-4605-B5D2-5E6B8CB2E93E}.Release|x86.Build.0 = Release|Any CPU
	EndGlobalSection
	GlobalSection(SolutionProperties) = preSolution
		HideSolutionNode = FALSE
	EndGlobalSection
	GlobalSection(ExtensibilityGlobals) = postSolution
		SolutionGuid = {89C86D15-6F01-420E-B61E-3DD4F570F17E}
	EndGlobalSection
	GlobalSection(CodealikeProperties) = postSolution
		SolutionGuid = 84079915-0bd5-4b1c-bd2e-f38b2718df95
	EndGlobalSection
EndGlobal
